
Microsoft Visual Studio Solution File, Format Version 12.00
# Visual Studio Version 17
VisualStudioVersion = 17.7.34202.233
MinimumVisualStudioVersion = 10.0.40219.1
Project("{FAE04EC0-301F-11D3-BF4B-00C04F79EFBC}") = "Phan_mem_QL_ban_ve_chuyen_bay", "Phan_mem_QL_ban_ve_chuyen_bay\Phan_mem_QL_ban_ve_chuyen_bay.csproj", "{FA71570A-284C-45DD-84AD-3111C3A10103}"
EndProject
Global
	GlobalSection(SolutionConfigurationPlatforms) = preSolution
		Debug|Any CPU = Debug|Any CPU
		Release|Any CPU = Release|Any CPU
	EndGlobalSection
	GlobalSection(ProjectConfigurationPlatforms) = postSolution
		{FA71570A-284C-45DD-84AD-3111C3A10103}.Debug|Any CPU.ActiveCfg = Debug|Any CPU
		{FA71570A-284C-45DD-84AD-3111C3A10103}.Debug|Any CPU.Build.0 = Debug|Any CPU
		{FA71570A-284C-45DD-84AD-3111C3A10103}.Release|Any CPU.ActiveCfg = Release|Any CPU
		{FA71570A-284C-45DD-84AD-3111C3A10103}.Release|Any CPU.Build.0 = Release|Any CPU
	EndGlobalSection
	GlobalSection(SolutionProperties) = preSolution
		HideSolutionNode = FALSE
	EndGlobalSection
	GlobalSection(ExtensibilityGlobals) = postSolution
		SolutionGuid = {5FE671F8-01EF-48C4-AA28-3151066379EC}
	EndGlobalSection
EndGlobal
